
Microsoft Visual Studio Solution File, Format Version 12.00
# Visual Studio Version 16
VisualStudioVersion = 16.0.33920.266
MinimumVisualStudioVersion = 10.0.40219.1
Project("{9A19103F-16F7-4668-BE54-9A1E7A4F7556}") = "ConApp", "ConApp\ConApp.csproj", "{40C11385-A139-4E53-9F40-2622962AF89F}"
EndProject
Project("{9A19103F-16F7-4668-BE54-9A1E7A4F7556}") = "WpfLib", "WpfLib\WpfLib.csproj", "{CA85620E-00F1-4453-BD36-9F167757EB6C}"
EndProject
Global
	GlobalSection(SolutionConfigurationPlatforms) = preSolution
		Debug|Any CPU = Debug|Any CPU
		Release|Any CPU = Release|Any CPU
	EndGlobalSection
	GlobalSection(ProjectConfigurationPlatforms) = postSolution
		{40C11385-A139-4E53-9F40-2622962AF89F}.Debug|Any CPU.ActiveCfg = Debug|Any CPU
		{40C11385-A139-4E53-9F40-2622962AF89F}.Debug|Any CPU.Build.0 = Debug|Any CPU
		{40C11385-A139-4E53-9F40-2622962AF89F}.Release|Any CPU.ActiveCfg = Release|Any CPU
		{40C11385-A139-4E53-9F40-2622962AF89F}.Release|Any CPU.Build.0 = Release|Any CPU
		{CA85620E-00F1-4453-BD36-9F167757EB6C}.Debug|Any CPU.ActiveCfg = Debug|Any CPU
		{CA85620E-00F1-4453-BD36-9F167757EB6C}.Debug|Any CPU.Build.0 = Debug|Any CPU
		{CA85620E-00F1-4453-BD36-9F167757EB6C}.Release|Any CPU.ActiveCfg = Release|Any CPU
		{CA85620E-00F1-4453-BD36-9F167757EB6C}.Release|Any CPU.Build.0 = Release|Any CPU
	EndGlobalSection
	GlobalSection(SolutionProperties) = preSolution
		HideSolutionNode = FALSE
	EndGlobalSection
	GlobalSection(ExtensibilityGlobals) = postSolution
		SolutionGuid = {4552B318-45B3-47A1-B0C6-CFA2AA46A808}
	EndGlobalSection
EndGlobal
